
Microsoft Visual Studio Solution File, Format Version 12.00
# Visual Studio Version 17
VisualStudioVersion = 17.11.35327.3
MinimumVisualStudioVersion = 10.0.40219.1
Project("{FAE04EC0-301F-11D3-BF4B-00C04F79EFBC}") = "Blogging.Web", "Blogging.Web\Blogging.Web.csproj", "{DE98B616-82F0-4BBD-9CE5-692C81D12A23}"
EndProject
Global
	GlobalSection(SolutionConfigurationPlatforms) = preSolution
		Debug|Any CPU = Debug|Any CPU
		Release|Any CPU = Release|Any CPU
	EndGlobalSection
	GlobalSection(ProjectConfigurationPlatforms) = postSolution
		{DE98B616-82F0-4BBD-9CE5-692C81D12A23}.Debug|Any CPU.ActiveCfg = Debug|Any CPU
		{DE98B616-82F0-4BBD-9CE5-692C81D12A23}.Debug|Any CPU.Build.0 = Debug|Any CPU
		{DE98B616-82F0-4BBD-9CE5-692C81D12A23}.Release|Any CPU.ActiveCfg = Release|Any CPU
		{DE98B616-82F0-4BBD-9CE5-692C81D12A23}.Release|Any CPU.Build.0 = Release|Any CPU
	EndGlobalSection
	GlobalSection(SolutionProperties) = preSolution
		HideSolutionNode = FALSE
	EndGlobalSection
	GlobalSection(ExtensibilityGlobals) = postSolution
		SolutionGuid = {0ABA6865-B7F7-4BF4-AB4E-8BBA3F43983E}
	EndGlobalSection
EndGlobal
